
Microsoft Visual Studio Solution File, Format Version 12.00
# Visual Studio Version 17
VisualStudioVersion = 17.11.35327.3
MinimumVisualStudioVersion = 10.0.40219.1
Project("{FAE04EC0-301F-11D3-BF4B-00C04F79EFBC}") = "Common", "Common\Common.csproj", "{824220F0-E56D-4B8A-B506-6C145F1A241D}"
EndProject
Project("{FAE04EC0-301F-11D3-BF4B-00C04F79EFBC}") = "Business", "Business\Business.csproj", "{7BBF6106-3490-4A12-9719-038DA85C47C6}"
EndProject
Project("{FAE04EC0-301F-11D3-BF4B-00C04F79EFBC}") = "Data", "Data\Data.csproj", "{C01EC78F-F637-4260-ACE5-48E9D63C139F}"
EndProject
Project("{FAE04EC0-301F-11D3-BF4B-00C04F79EFBC}") = "Presentation", "Presentation\Presentation.csproj", "{9D17A7AB-921B-4863-8743-399E6F904596}"
EndProject
Global
	GlobalSection(SolutionConfigurationPlatforms) = preSolution
		Debug|Any CPU = Debug|Any CPU
		Release|Any CPU = Release|Any CPU
	EndGlobalSection
	GlobalSection(ProjectConfigurationPlatforms) = postSolution
		{824220F0-E56D-4B8A-B506-6C145F1A241D}.Debug|Any CPU.ActiveCfg = Debug|Any CPU
		{824220F0-E56D-4B8A-B506-6C145F1A241D}.Debug|Any CPU.Build.0 = Debug|Any CPU
		{824220F0-E56D-4B8A-B506-6C145F1A241D}.Release|Any CPU.ActiveCfg = Release|Any CPU
		{824220F0-E56D-4B8A-B506-6C145F1A241D}.Release|Any CPU.Build.0 = Release|Any CPU
		{7BBF6106-3490-4A12-9719-038DA85C47C6}.Debug|Any CPU.ActiveCfg = Debug|Any CPU
		{7BBF6106-3490-4A12-9719-038DA85C47C6}.Debug|Any CPU.Build.0 = Debug|Any CPU
		{7BBF6106-3490-4A12-9719-038DA85C47C6}.Release|Any CPU.ActiveCfg = Release|Any CPU
		{7BBF6106-3490-4A12-9719-038DA85C47C6}.Release|Any CPU.Build.0 = Release|Any CPU
		{C01EC78F-F637-4260-ACE5-48E9D63C139F}.Debug|Any CPU.ActiveCfg = Debug|Any CPU
		{C01EC78F-F637-4260-ACE5-48E9D63C139F}.Debug|Any CPU.Build.0 = Debug|Any CPU
		{C01EC78F-F637-4260-ACE5-48E9D63C139F}.Release|Any CPU.ActiveCfg = Release|Any CPU
		{C01EC78F-F637-4260-ACE5-48E9D63C139F}.Release|Any CPU.Build.0 = Release|Any CPU
		{9D17A7AB-921B-4863-8743-399E6F904596}.Debug|Any CPU.ActiveCfg = Debug|Any CPU
		{9D17A7AB-921B-4863-8743-399E6F904596}.Debug|Any CPU.Build.0 = Debug|Any CPU
		{9D17A7AB-921B-4863-8743-399E6F904596}.Release|Any CPU.ActiveCfg = Release|Any CPU
		{9D17A7AB-921B-4863-8743-399E6F904596}.Release|Any CPU.Build.0 = Release|Any CPU
	EndGlobalSection
	GlobalSection(SolutionProperties) = preSolution
		HideSolutionNode = FALSE
	EndGlobalSection
	GlobalSection(ExtensibilityGlobals) = postSolution
		SolutionGuid = {CA51E056-ECB3-46CE-B859-E9EC8EA72FE3}
	EndGlobalSection
EndGlobal
